
Microsoft Visual Studio Solution File, Format Version 12.00
# Visual Studio 2012
Project("{FAE04EC0-301F-11D3-BF4B-00C04F79EFBC}") = "EagleFit_Management", "EagleFit_Management\EagleFit_Management.csproj", "{84F2A241-4255-4628-8DE2-A25C2EFFC5F3}"
EndProject
Global
	GlobalSection(SolutionConfigurationPlatforms) = preSolution
		Debug|Any CPU = Debug|Any CPU
		Release|Any CPU = Release|Any CPU
	EndGlobalSection
	GlobalSection(ProjectConfigurationPlatforms) = postSolution
		{84F2A241-4255-4628-8DE2-A25C2EFFC5F3}.Debug|Any CPU.ActiveCfg = Debug|Any CPU
		{84F2A241-4255-4628-8DE2-A25C2EFFC5F3}.Debug|Any CPU.Build.0 = Debug|Any CPU
		{84F2A241-4255-4628-8DE2-A25C2EFFC5F3}.Release|Any CPU.ActiveCfg = Release|Any CPU
		{84F2A241-4255-4628-8DE2-A25C2EFFC5F3}.Release|Any CPU.Build.0 = Release|Any CPU
	EndGlobalSection
	GlobalSection(SolutionProperties) = preSolution
		HideSolutionNode = FALSE
	EndGlobalSection
EndGlobal
